// !$*UTF8*$!
{
	archiveVersion = 1;
	classes = {
	};
	objectVersion = 56;
	objects = {

/* Begin PBXBuildFile section */
		692392562954F19C0076CF49 /* SideMenuOptionRowView.swift in Sources */ = {isa = PBXBuildFile; fileRef = 692392552954F19C0076CF49 /* SideMenuOptionRowView.swift */; };
		6923925B295513CA0076CF49 /* NewTweetView.swift in Sources */ = {isa = PBXBuildFile; fileRef = 6923925A295513CA0076CF49 /* NewTweetView.swift */; };
		6923925E295514BE0076CF49 /* TextArea.swift in Sources */ = {isa = PBXBuildFile; fileRef = 6923925D295514BE0076CF49 /* TextArea.swift */; };
		698F82302954C68B00905AB6 /* UserRowView.swift in Sources */ = {isa = PBXBuildFile; fileRef = 698F822F2954C68B00905AB6 /* UserRowView.swift */; };
		698F82362954DF4100905AB6 /* SideMenuView.swift in Sources */ = {isa = PBXBuildFile; fileRef = 698F82352954DF4100905AB6 /* SideMenuView.swift */; };
		698F823A2954DF7B00905AB6 /* SideMenuViewModel.swift in Sources */ = {isa = PBXBuildFile; fileRef = 698F82392954DF7B00905AB6 /* SideMenuViewModel.swift */; };
		698F823C2954E16600905AB6 /* UserStatsView.swift in Sources */ = {isa = PBXBuildFile; fileRef = 698F823B2954E16600905AB6 /* UserStatsView.swift */; };
		69F275372956156E001B53AD /* CustomInputField.swift in Sources */ = {isa = PBXBuildFile; fileRef = 69F275362956156E001B53AD /* CustomInputField.swift */; };
		69F2753A29561987001B53AD /* AuthHeaderView.swift in Sources */ = {isa = PBXBuildFile; fileRef = 69F2753929561987001B53AD /* AuthHeaderView.swift */; };
		69F5E288295608D6006102B2 /* LoginView.swift in Sources */ = {isa = PBXBuildFile; fileRef = 69F5E287295608D6006102B2 /* LoginView.swift */; };
		69F5E28A295608E3006102B2 /* RegistrationView.swift in Sources */ = {isa = PBXBuildFile; fileRef = 69F5E289295608E3006102B2 /* RegistrationView.swift */; };
		69F5E28C29560A5D006102B2 /* RoundedShape.swift in Sources */ = {isa = PBXBuildFile; fileRef = 69F5E28B29560A5D006102B2 /* RoundedShape.swift */; };
		69FE69312953F22D00E40BEA /* TwitterMockApp.swift in Sources */ = {isa = PBXBuildFile; fileRef = 69FE69302953F22D00E40BEA /* TwitterMockApp.swift */; };
		69FE69332953F22D00E40BEA /* ContentView.swift in Sources */ = {isa = PBXBuildFile; fileRef = 69FE69322953F22D00E40BEA /* ContentView.swift */; };
		69FE69352953F22E00E40BEA /* Assets.xcassets in Resources */ = {isa = PBXBuildFile; fileRef = 69FE69342953F22E00E40BEA /* Assets.xcassets */; };
		69FE69382953F22E00E40BEA /* Preview Assets.xcassets in Resources */ = {isa = PBXBuildFile; fileRef = 69FE69372953F22E00E40BEA /* Preview Assets.xcassets */; };
		69FE69472953F51C00E40BEA /* FeedView.swift in Sources */ = {isa = PBXBuildFile; fileRef = 69FE69462953F51C00E40BEA /* FeedView.swift */; };
		69FE694A2953F5D900E40BEA /* TweetRowView.swift in Sources */ = {isa = PBXBuildFile; fileRef = 69FE69492953F5D900E40BEA /* TweetRowView.swift */; };
		69FE694D2953FDF500E40BEA /* MainTabView.swift in Sources */ = {isa = PBXBuildFile; fileRef = 69FE694C2953FDF500E40BEA /* MainTabView.swift */; };
		69FE6953295401E700E40BEA /* ExploreView.swift in Sources */ = {isa = PBXBuildFile; fileRef = 69FE6952295401E700E40BEA /* ExploreView.swift */; };
		69FE69552954020800E40BEA /* NotificationsView.swift in Sources */ = {isa = PBXBuildFile; fileRef = 69FE69542954020800E40BEA /* NotificationsView.swift */; };
		69FE69572954022A00E40BEA /* MessagesView.swift in Sources */ = {isa = PBXBuildFile; fileRef = 69FE69562954022A00E40BEA /* MessagesView.swift */; };
		69FE695B295404D100E40BEA /* ProfileView.swift in Sources */ = {isa = PBXBuildFile; fileRef = 69FE695A295404D100E40BEA /* ProfileView.swift */; };
		69FE695D29540BD500E40BEA /* TweetFilterViewModel.swift in Sources */ = {isa = PBXBuildFile; fileRef = 69FE695C29540BD500E40BEA /* TweetFilterViewModel.swift */; };
/* End PBXBuildFile section */

/* Begin PBXFileReference section */
		692392552954F19C0076CF49 /* SideMenuOptionRowView.swift */ = {isa = PBXFileReference; lastKnownFileType = sourcecode.swift; path = SideMenuOptionRowView.swift; sourceTree = "<group>"; };
		6923925A295513CA0076CF49 /* NewTweetView.swift */ = {isa = PBXFileReference; lastKnownFileType = sourcecode.swift; path = NewTweetView.swift; sourceTree = "<group>"; };
		6923925D295514BE0076CF49 /* TextArea.swift */ = {isa = PBXFileReference; lastKnownFileType = sourcecode.swift; path = TextArea.swift; sourceTree = "<group>"; };
		698F822F2954C68B00905AB6 /* UserRowView.swift */ = {isa = PBXFileReference; lastKnownFileType = sourcecode.swift; path = UserRowView.swift; sourceTree = "<group>"; };
		698F82352954DF4100905AB6 /* SideMenuView.swift */ = {isa = PBXFileReference; lastKnownFileType = sourcecode.swift; path = SideMenuView.swift; sourceTree = "<group>"; };
		698F82392954DF7B00905AB6 /* SideMenuViewModel.swift */ = {isa = PBXFileReference; lastKnownFileType = sourcecode.swift; path = SideMenuViewModel.swift; sourceTree = "<group>"; };
		698F823B2954E16600905AB6 /* UserStatsView.swift */ = {isa = PBXFileReference; lastKnownFileType = sourcecode.swift; path = UserStatsView.swift; sourceTree = "<group>"; };
		69F275362956156E001B53AD /* CustomInputField.swift */ = {isa = PBXFileReference; lastKnownFileType = sourcecode.swift; path = CustomInputField.swift; sourceTree = "<group>"; };
		69F2753929561987001B53AD /* AuthHeaderView.swift */ = {isa = PBXFileReference; lastKnownFileType = sourcecode.swift; path = AuthHeaderView.swift; sourceTree = "<group>"; };
		69F5E287295608D6006102B2 /* LoginView.swift */ = {isa = PBXFileReference; lastKnownFileType = sourcecode.swift; path = LoginView.swift; sourceTree = "<group>"; };
		69F5E289295608E3006102B2 /* RegistrationView.swift */ = {isa = PBXFileReference; lastKnownFileType = sourcecode.swift; path = RegistrationView.swift; sourceTree = "<group>"; };
		69F5E28B29560A5D006102B2 /* RoundedShape.swift */ = {isa = PBXFileReference; lastKnownFileType = sourcecode.swift; path = RoundedShape.swift; sourceTree = "<group>"; };
		69FE692D2953F22C00E40BEA /* TwitterMock.app */ = {isa = PBXFileReference; explicitFileType = wrapper.application; includeInIndex = 0; path = TwitterMock.app; sourceTree = BUILT_PRODUCTS_DIR; };
		69FE69302953F22D00E40BEA /* TwitterMockApp.swift */ = {isa = PBXFileReference; lastKnownFileType = sourcecode.swift; path = TwitterMockApp.swift; sourceTree = "<group>"; };
		69FE69322953F22D00E40BEA /* ContentView.swift */ = {isa = PBXFileReference; lastKnownFileType = sourcecode.swift; path = ContentView.swift; sourceTree = "<group>"; };
		69FE69342953F22E00E40BEA /* Assets.xcassets */ = {isa = PBXFileReference; lastKnownFileType = folder.assetcatalog; path = Assets.xcassets; sourceTree = "<group>"; };
		69FE69372953F22E00E40BEA /* Preview Assets.xcassets */ = {isa = PBXFileReference; lastKnownFileType = folder.assetcatalog; path = "Preview Assets.xcassets"; sourceTree = "<group>"; };
		69FE69462953F51C00E40BEA /* FeedView.swift */ = {isa = PBXFileReference; lastKnownFileType = sourcecode.swift; path = FeedView.swift; sourceTree = "<group>"; };
		69FE69492953F5D900E40BEA /* TweetRowView.swift */ = {isa = PBXFileReference; lastKnownFileType = sourcecode.swift; path = TweetRowView.swift; sourceTree = "<group>"; };
		69FE694C2953FDF500E40BEA /* MainTabView.swift */ = {isa = PBXFileReference; lastKnownFileType = sourcecode.swift; path = MainTabView.swift; sourceTree = "<group>"; };
		69FE6952295401E700E40BEA /* ExploreView.swift */ = {isa = PBXFileReference; lastKnownFileType = sourcecode.swift; path = ExploreView.swift; sourceTree = "<group>"; };
		69FE69542954020800E40BEA /* NotificationsView.swift */ = {isa = PBXFileReference; lastKnownFileType = sourcecode.swift; path = NotificationsView.swift; sourceTree = "<group>"; };
		69FE69562954022A00E40BEA /* MessagesView.swift */ = {isa = PBXFileReference; lastKnownFileType = sourcecode.swift; path = MessagesView.swift; sourceTree = "<group>"; };
		69FE695A295404D100E40BEA /* ProfileView.swift */ = {isa = PBXFileReference; lastKnownFileType = sourcecode.swift; path = ProfileView.swift; sourceTree = "<group>"; };
		69FE695C29540BD500E40BEA /* TweetFilterViewModel.swift */ = {isa = PBXFileReference; lastKnownFileType = sourcecode.swift; path = TweetFilterViewModel.swift; sourceTree = "<group>"; };
/* End PBXFileReference section */

/* Begin PBXFrameworksBuildPhase section */
		69FE692A2953F22C00E40BEA /* Frameworks */ = {
			isa = PBXFrameworksBuildPhase;
			buildActionMask = 2147483647;
			files = (
			);
			runOnlyForDeploymentPostprocessing = 0;
		};
/* End PBXFrameworksBuildPhase section */

/* Begin PBXGroup section */
		69239257295513990076CF49 /* UploadTweet */ = {
			isa = PBXGroup;
			children = (
				69239259295513B00076CF49 /* ViewModels */,
				69239258295513A60076CF49 /* Views */,
			);
			path = UploadTweet;
			sourceTree = "<group>";
		};
		69239258295513A60076CF49 /* Views */ = {
			isa = PBXGroup;
			children = (
				6923925A295513CA0076CF49 /* NewTweetView.swift */,
			);
			path = Views;
			sourceTree = "<group>";
		};
		69239259295513B00076CF49 /* ViewModels */ = {
			isa = PBXGroup;
			children = (
			);
			path = ViewModels;
			sourceTree = "<group>";
		};
		698F822C2954C62E00905AB6 /* Views */ = {
			isa = PBXGroup;
			children = (
				69FE6952295401E700E40BEA /* ExploreView.swift */,
			);
			path = Views;
			sourceTree = "<group>";
		};
		698F822D2954C63A00905AB6 /* ViewModels */ = {
			isa = PBXGroup;
			children = (
			);
			path = ViewModels;
			sourceTree = "<group>";
		};
		698F822E2954C67400905AB6 /* Users */ = {
			isa = PBXGroup;
			children = (
				698F822F2954C68B00905AB6 /* UserRowView.swift */,
				698F823B2954E16600905AB6 /* UserStatsView.swift */,
			);
			path = Users;
			sourceTree = "<group>";
		};
		698F82312954DEFA00905AB6 /* SideMenu */ = {
			isa = PBXGroup;
			children = (
				698F82332954DF1200905AB6 /* ViewMenu */,
				698F82322954DF0C00905AB6 /* Views */,
			);
			path = SideMenu;
			sourceTree = "<group>";
		};
		698F82322954DF0C00905AB6 /* Views */ = {
			isa = PBXGroup;
			children = (
				698F82352954DF4100905AB6 /* SideMenuView.swift */,
				692392552954F19C0076CF49 /* SideMenuOptionRowView.swift */,
			);
			path = Views;
			sourceTree = "<group>";
		};
		698F82332954DF1200905AB6 /* ViewMenu */ = {
			isa = PBXGroup;
			children = (
				698F82392954DF7B00905AB6 /* SideMenuViewModel.swift */,
			);
			path = ViewMenu;
			sourceTree = "<group>";
		};
		69F275382956196B001B53AD /* Authentication */ = {
			isa = PBXGroup;
			children = (
				69F2753929561987001B53AD /* AuthHeaderView.swift */,
			);
			path = Authentication;
			sourceTree = "<group>";
		};
		69F5E28429560880006102B2 /* Authentication */ = {
			isa = PBXGroup;
			children = (
				69F5E286295608C3006102B2 /* ViewModel */,
				69F5E28529560899006102B2 /* Views */,
			);
			path = Authentication;
			sourceTree = "<group>";
		};
		69F5E28529560899006102B2 /* Views */ = {
			isa = PBXGroup;
			children = (
				69F5E287295608D6006102B2 /* LoginView.swift */,
				69F5E289295608E3006102B2 /* RegistrationView.swift */,
			);
			path = Views;
			sourceTree = "<group>";
		};
		69F5E286295608C3006102B2 /* ViewModel */ = {
			isa = PBXGroup;
			children = (
			);
			path = ViewModel;
			sourceTree = "<group>";
		};
		69FE69242953F22C00E40BEA = {
			isa = PBXGroup;
			children = (
				69FE692F2953F22C00E40BEA /* TwitterMock */,
				69FE692E2953F22C00E40BEA /* Products */,
			);
			sourceTree = "<group>";
		};
		69FE692E2953F22C00E40BEA /* Products */ = {
			isa = PBXGroup;
			children = (
				69FE692D2953F22C00E40BEA /* TwitterMock.app */,
			);
			name = Products;
			sourceTree = "<group>";
		};
		69FE692F2953F22C00E40BEA /* TwitterMock */ = {
			isa = PBXGroup;
			children = (
				69FE69412953F43000E40BEA /* Extensions */,
				69FE69402953F42D00E40BEA /* Model */,
				69FE693F2953F42900E40BEA /* Service */,
				69FE693E2953F42600E40BEA /* Core */,
				69FE69302953F22D00E40BEA /* TwitterMockApp.swift */,
				69FE69322953F22D00E40BEA /* ContentView.swift */,
				69FE69342953F22E00E40BEA /* Assets.xcassets */,
				69FE69362953F22E00E40BEA /* Preview Content */,
			);
			path = TwitterMock;
			sourceTree = "<group>";
		};
		69FE69362953F22E00E40BEA /* Preview Content */ = {
			isa = PBXGroup;
			children = (
				69FE69372953F22E00E40BEA /* Preview Assets.xcassets */,
			);
			path = "Preview Content";
			sourceTree = "<group>";
		};
		69FE693E2953F42600E40BEA /* Core */ = {
			isa = PBXGroup;
			children = (
				69FE69422953F48B00E40BEA /* Components */,
				69F5E28429560880006102B2 /* Authentication */,
				69239257295513990076CF49 /* UploadTweet */,
				698F82312954DEFA00905AB6 /* SideMenu */,
				69FE6951295401C300E40BEA /* Profile */,
				69FE69502954018F00E40BEA /* Explore */,
				69FE694F2954000B00E40BEA /* Notifications */,
				69FE694E2954000800E40BEA /* Messages */,
				69FE694B2953FDBE00E40BEA /* MainTab */,
				69FE69432953F49800E40BEA /* Feed */,
			);
			path = Core;
			sourceTree = "<group>";
		};
		69FE693F2953F42900E40BEA /* Service */ = {
			isa = PBXGroup;
			children = (
			);
			path = Service;
			sourceTree = "<group>";
		};
		69FE69402953F42D00E40BEA /* Model */ = {
			isa = PBXGroup;
			children = (
			);
			path = Model;
			sourceTree = "<group>";
		};
		69FE69412953F43000E40BEA /* Extensions */ = {
			isa = PBXGroup;
			children = (
			);
			path = Extensions;
			sourceTree = "<group>";
		};
		69FE69422953F48B00E40BEA /* Components */ = {
			isa = PBXGroup;
			children = (
				69F275382956196B001B53AD /* Authentication */,
				698F822E2954C67400905AB6 /* Users */,
				69FE69482953F5B600E40BEA /* Tweets */,
				6923925D295514BE0076CF49 /* TextArea.swift */,
				69F5E28B29560A5D006102B2 /* RoundedShape.swift */,
				69F275362956156E001B53AD /* CustomInputField.swift */,
			);
			path = Components;
			sourceTree = "<group>";
		};
		69FE69432953F49800E40BEA /* Feed */ = {
			isa = PBXGroup;
			children = (
				69FE69442953F4D000E40BEA /* ViewModels */,
				69FE69452953F4DB00E40BEA /* View */,
			);
			path = Feed;
			sourceTree = "<group>";
		};
		69FE69442953F4D000E40BEA /* ViewModels */ = {
			isa = PBXGroup;
			children = (
			);
			path = ViewModels;
			sourceTree = "<group>";
		};
		69FE69452953F4DB00E40BEA /* View */ = {
			isa = PBXGroup;
			children = (
				69FE69462953F51C00E40BEA /* FeedView.swift */,
			);
			path = View;
			sourceTree = "<group>";
		};
		69FE69482953F5B600E40BEA /* Tweets */ = {
			isa = PBXGroup;
			children = (
				69FE69492953F5D900E40BEA /* TweetRowView.swift */,
			);
			path = Tweets;
			sourceTree = "<group>";
		};
		69FE694B2953FDBE00E40BEA /* MainTab */ = {
			isa = PBXGroup;
			children = (
				69FE694C2953FDF500E40BEA /* MainTabView.swift */,
			);
			path = MainTab;
			sourceTree = "<group>";
		};
		69FE694E2954000800E40BEA /* Messages */ = {
			isa = PBXGroup;
			children = (
				69FE69562954022A00E40BEA /* MessagesView.swift */,
			);
			path = Messages;
			sourceTree = "<group>";
		};
		69FE694F2954000B00E40BEA /* Notifications */ = {
			isa = PBXGroup;
			children = (
				69FE69542954020800E40BEA /* NotificationsView.swift */,
			);
			path = Notifications;
			sourceTree = "<group>";
		};
		69FE69502954018F00E40BEA /* Explore */ = {
			isa = PBXGroup;
			children = (
				698F822D2954C63A00905AB6 /* ViewModels */,
				698F822C2954C62E00905AB6 /* Views */,
			);
			path = Explore;
			sourceTree = "<group>";
		};
		69FE6951295401C300E40BEA /* Profile */ = {
			isa = PBXGroup;
			children = (
				69FE6958295404A900E40BEA /* ViewModels */,
				69FE6959295404B200E40BEA /* Views */,
			);
			path = Profile;
			sourceTree = "<group>";
		};
		69FE6958295404A900E40BEA /* ViewModels */ = {
			isa = PBXGroup;
			children = (
				69FE695C29540BD500E40BEA /* TweetFilterViewModel.swift */,
			);
			path = ViewModels;
			sourceTree = "<group>";
		};
		69FE6959295404B200E40BEA /* Views */ = {
			isa = PBXGroup;
			children = (
				69FE695A295404D100E40BEA /* ProfileView.swift */,
			);
			path = Views;
			sourceTree = "<group>";
		};
/* End PBXGroup section */

/* Begin PBXNativeTarget section */
		69FE692C2953F22C00E40BEA /* TwitterMock */ = {
			isa = PBXNativeTarget;
			buildConfigurationList = 69FE693B2953F22E00E40BEA /* Build configuration list for PBXNativeTarget "TwitterMock" */;
			buildPhases = (
				69FE69292953F22C00E40BEA /* Sources */,
				69FE692A2953F22C00E40BEA /* Frameworks */,
				69FE692B2953F22C00E40BEA /* Resources */,
			);
			buildRules = (
			);
			dependencies = (
			);
			name = TwitterMock;
			productName = TwitterMock;
			productReference = 69FE692D2953F22C00E40BEA /* TwitterMock.app */;
			productType = "com.apple.product-type.application";
		};
/* End PBXNativeTarget section */

/* Begin PBXProject section */
		69FE69252953F22C00E40BEA /* Project object */ = {
			isa = PBXProject;
			attributes = {
				BuildIndependentTargetsInParallel = 1;
				LastSwiftUpdateCheck = 1420;
				LastUpgradeCheck = 1420;
				TargetAttributes = {
					69FE692C2953F22C00E40BEA = {
						CreatedOnToolsVersion = 14.2;
					};
				};
			};
			buildConfigurationList = 69FE69282953F22C00E40BEA /* Build configuration list for PBXProject "TwitterMock" */;
			compatibilityVersion = "Xcode 14.0";
			developmentRegion = en;
			hasScannedForEncodings = 0;
			knownRegions = (
				en,
				Base,
			);
			mainGroup = 69FE69242953F22C00E40BEA;
			productRefGroup = 69FE692E2953F22C00E40BEA /* Products */;
			projectDirPath = "";
			projectRoot = "";
			targets = (
				69FE692C2953F22C00E40BEA /* TwitterMock */,
			);
		};
/* End PBXProject section */

/* Begin PBXResourcesBuildPhase section */
		69FE692B2953F22C00E40BEA /* Resources */ = {
			isa = PBXResourcesBuildPhase;
			buildActionMask = 2147483647;
			files = (
				69FE69382953F22E00E40BEA /* Preview Assets.xcassets in Resources */,
				69FE69352953F22E00E40BEA /* Assets.xcassets in Resources */,
			);
			runOnlyForDeploymentPostprocessing = 0;
		};
/* End PBXResourcesBuildPhase section */

/* Begin PBXSourcesBuildPhase section */
		69FE69292953F22C00E40BEA /* Sources */ = {
			isa = PBXSourcesBuildPhase;
			buildActionMask = 2147483647;
			files = (
				69FE69572954022A00E40BEA /* MessagesView.swift in Sources */,
				69FE695B295404D100E40BEA /* ProfileView.swift in Sources */,
				69FE69332953F22D00E40BEA /* ContentView.swift in Sources */,
				69FE694A2953F5D900E40BEA /* TweetRowView.swift in Sources */,
				69F275372956156E001B53AD /* CustomInputField.swift in Sources */,
				69FE695D29540BD500E40BEA /* TweetFilterViewModel.swift in Sources */,
				69FE69472953F51C00E40BEA /* FeedView.swift in Sources */,
				69F2753A29561987001B53AD /* AuthHeaderView.swift in Sources */,
				698F82362954DF4100905AB6 /* SideMenuView.swift in Sources */,
				69FE69312953F22D00E40BEA /* TwitterMockApp.swift in Sources */,
				69FE6953295401E700E40BEA /* ExploreView.swift in Sources */,
				698F823A2954DF7B00905AB6 /* SideMenuViewModel.swift in Sources */,
				6923925E295514BE0076CF49 /* TextArea.swift in Sources */,
				698F82302954C68B00905AB6 /* UserRowView.swift in Sources */,
				69F5E288295608D6006102B2 /* LoginView.swift in Sources */,
				69F5E28A295608E3006102B2 /* RegistrationView.swift in Sources */,
				6923925B295513CA0076CF49 /* NewTweetView.swift in Sources */,
				69F5E28C29560A5D006102B2 /* RoundedShape.swift in Sources */,
				692392562954F19C0076CF49 /* SideMenuOptionRowView.swift in Sources */,
				69FE694D2953FDF500E40BEA /* MainTabView.swift in Sources */,
				69FE69552954020800E40BEA /* NotificationsView.swift in Sources */,
				698F823C2954E16600905AB6 /* UserStatsView.swift in Sources */,
			);
			runOnlyForDeploymentPostprocessing = 0;
		};
/* End PBXSourcesBuildPhase section */

/* Begin XCBuildConfiguration section */
		69FE69392953F22E00E40BEA /* Debug */ = {
			isa = XCBuildConfiguration;
			buildSettings = {
				ALWAYS_SEARCH_USER_PATHS = NO;
				CLANG_ANALYZER_NONNULL = YES;
				CLANG_ANALYZER_NUMBER_OBJECT_CONVERSION = YES_AGGRESSIVE;
				CLANG_CXX_LANGUAGE_STANDARD = "gnu++20";
				CLANG_ENABLE_MODULES = YES;
				CLANG_ENABLE_OBJC_ARC = YES;
				CLANG_ENABLE_OBJC_WEAK = YES;
				CLANG_WARN_BLOCK_CAPTURE_AUTORELEASING = YES;
				CLANG_WARN_BOOL_CONVERSION = YES;
				CLANG_WARN_COMMA = YES;
				CLANG_WARN_CONSTANT_CONVERSION = YES;
				CLANG_WARN_DEPRECATED_OBJC_IMPLEMENTATIONS = YES;
				CLANG_WARN_DIRECT_OBJC_ISA_USAGE = YES_ERROR;
				CLANG_WARN_DOCUMENTATION_COMMENTS = YES;
				CLANG_WARN_EMPTY_BODY = YES;
				CLANG_WARN_ENUM_CONVERSION = YES;
				CLANG_WARN_INFINITE_RECURSION = YES;
				CLANG_WARN_INT_CONVERSION = YES;
				CLANG_WARN_NON_LITERAL_NULL_CONVERSION = YES;
				CLANG_WARN_OBJC_IMPLICIT_RETAIN_SELF = YES;
				CLANG_WARN_OBJC_LITERAL_CONVERSION = YES;
				CLANG_WARN_OBJC_ROOT_CLASS = YES_ERROR;
				CLANG_WARN_QUOTED_INCLUDE_IN_FRAMEWORK_HEADER = YES;
				CLANG_WARN_RANGE_LOOP_ANALYSIS = YES;
				CLANG_WARN_STRICT_PROTOTYPES = YES;
				CLANG_WARN_SUSPICIOUS_MOVE = YES;
				CLANG_WARN_UNGUARDED_AVAILABILITY = YES_AGGRESSIVE;
				CLANG_WARN_UNREACHABLE_CODE = YES;
				CLANG_WARN__DUPLICATE_METHOD_MATCH = YES;
				COPY_PHASE_STRIP = NO;
				DEBUG_INFORMATION_FORMAT = dwarf;
				ENABLE_STRICT_OBJC_MSGSEND = YES;
				ENABLE_TESTABILITY = YES;
				GCC_C_LANGUAGE_STANDARD = gnu11;
				GCC_DYNAMIC_NO_PIC = NO;
				GCC_NO_COMMON_BLOCKS = YES;
				GCC_OPTIMIZATION_LEVEL = 0;
				GCC_PREPROCESSOR_DEFINITIONS = (
					"DEBUG=1",
					"$(inherited)",
				);
				GCC_WARN_64_TO_32_BIT_CONVERSION = YES;
				GCC_WARN_ABOUT_RETURN_TYPE = YES_ERROR;
				GCC_WARN_UNDECLARED_SELECTOR = YES;
				GCC_WARN_UNINITIALIZED_AUTOS = YES_AGGRESSIVE;
				GCC_WARN_UNUSED_FUNCTION = YES;
				GCC_WARN_UNUSED_VARIABLE = YES;
				IPHONEOS_DEPLOYMENT_TARGET = 16.2;
				MTL_ENABLE_DEBUG_INFO = INCLUDE_SOURCE;
				MTL_FAST_MATH = YES;
				ONLY_ACTIVE_ARCH = YES;
				SDKROOT = iphoneos;
				SWIFT_ACTIVE_COMPILATION_CONDITIONS = DEBUG;
				SWIFT_OPTIMIZATION_LEVEL = "-Onone";
			};
			name = Debug;
		};
		69FE693A2953F22E00E40BEA /* Release */ = {
			isa = XCBuildConfiguration;
			buildSettings = {
				ALWAYS_SEARCH_USER_PATHS = NO;
				CLANG_ANALYZER_NONNULL = YES;
				CLANG_ANALYZER_NUMBER_OBJECT_CONVERSION = YES_AGGRESSIVE;
				CLANG_CXX_LANGUAGE_STANDARD = "gnu++20";
				CLANG_ENABLE_MODULES = YES;
				CLANG_ENABLE_OBJC_ARC = YES;
				CLANG_ENABLE_OBJC_WEAK = YES;
				CLANG_WARN_BLOCK_CAPTURE_AUTORELEASING = YES;
				CLANG_WARN_BOOL_CONVERSION = YES;
				CLANG_WARN_COMMA = YES;
				CLANG_WARN_CONSTANT_CONVERSION = YES;
				CLANG_WARN_DEPRECATED_OBJC_IMPLEMENTATIONS = YES;
				CLANG_WARN_DIRECT_OBJC_ISA_USAGE = YES_ERROR;
				CLANG_WARN_DOCUMENTATION_COMMENTS = YES;
				CLANG_WARN_EMPTY_BODY = YES;
				CLANG_WARN_ENUM_CONVERSION = YES;
				CLANG_WARN_INFINITE_RECURSION = YES;
				CLANG_WARN_INT_CONVERSION = YES;
				CLANG_WARN_NON_LITERAL_NULL_CONVERSION = YES;
				CLANG_WARN_OBJC_IMPLICIT_RETAIN_SELF = YES;
				CLANG_WARN_OBJC_LITERAL_CONVERSION = YES;
				CLANG_WARN_OBJC_ROOT_CLASS = YES_ERROR;
				CLANG_WARN_QUOTED_INCLUDE_IN_FRAMEWORK_HEADER = YES;
				CLANG_WARN_RANGE_LOOP_ANALYSIS = YES;
				CLANG_WARN_STRICT_PROTOTYPES = YES;
				CLANG_WARN_SUSPICIOUS_MOVE = YES;
				CLANG_WARN_UNGUARDED_AVAILABILITY = YES_AGGRESSIVE;
				CLANG_WARN_UNREACHABLE_CODE = YES;
				CLANG_WARN__DUPLICATE_METHOD_MATCH = YES;
				COPY_PHASE_STRIP = NO;
				DEBUG_INFORMATION_FORMAT = "dwarf-with-dsym";
				ENABLE_NS_ASSERTIONS = NO;
				ENABLE_STRICT_OBJC_MSGSEND = YES;
				GCC_C_LANGUAGE_STANDARD = gnu11;
				GCC_NO_COMMON_BLOCKS = YES;
				GCC_WARN_64_TO_32_BIT_CONVERSION = YES;
				GCC_WARN_ABOUT_RETURN_TYPE = YES_ERROR;
				GCC_WARN_UNDECLARED_SELECTOR = YES;
				GCC_WARN_UNINITIALIZED_AUTOS = YES_AGGRESSIVE;
				GCC_WARN_UNUSED_FUNCTION = YES;
				GCC_WARN_UNUSED_VARIABLE = YES;
				IPHONEOS_DEPLOYMENT_TARGET = 16.2;
				MTL_ENABLE_DEBUG_INFO = NO;
				MTL_FAST_MATH = YES;
				SDKROOT = iphoneos;
				SWIFT_COMPILATION_MODE = wholemodule;
				SWIFT_OPTIMIZATION_LEVEL = "-O";
				VALIDATE_PRODUCT = YES;
			};
			name = Release;
		};
		69FE693C2953F22E00E40BEA /* Debug */ = {
			isa = XCBuildConfiguration;
			buildSettings = {
				ASSETCATALOG_COMPILER_APPICON_NAME = AppIcon;
				ASSETCATALOG_COMPILER_GLOBAL_ACCENT_COLOR_NAME = AccentColor;
				CODE_SIGN_STYLE = Automatic;
				CURRENT_PROJECT_VERSION = 1;
				DEVELOPMENT_ASSET_PATHS = "\"TwitterMock/Preview Content\"";
				DEVELOPMENT_TEAM = S27FZ9BTKU;
				ENABLE_PREVIEWS = YES;
				GENERATE_INFOPLIST_FILE = YES;
				INFOPLIST_KEY_UIApplicationSceneManifest_Generation = YES;
				INFOPLIST_KEY_UIApplicationSupportsIndirectInputEvents = YES;
				INFOPLIST_KEY_UILaunchScreen_Generation = YES;
				INFOPLIST_KEY_UISupportedInterfaceOrientations_iPad = "UIInterfaceOrientationPortrait UIInterfaceOrientationPortraitUpsideDown UIInterfaceOrientationLandscapeLeft UIInterfaceOrientationLandscapeRight";
				INFOPLIST_KEY_UISupportedInterfaceOrientations_iPhone = "UIInterfaceOrientationPortrait UIInterfaceOrientationLandscapeLeft UIInterfaceOrientationLandscapeRight";
				LD_RUNPATH_SEARCH_PATHS = (
					"$(inherited)",
					"@executable_path/Frameworks",
				);
				MARKETING_VERSION = 1.0;
				PRODUCT_BUNDLE_IDENTIFIER = com.aashna.TwitterMock;
				PRODUCT_NAME = "$(TARGET_NAME)";
				SWIFT_EMIT_LOC_STRINGS = YES;
				SWIFT_VERSION = 5.0;
				TARGETED_DEVICE_FAMILY = "1,2";
			};
			name = Debug;
		};
		69FE693D2953F22E00E40BEA /* Release */ = {
			isa = XCBuildConfiguration;
			buildSettings = {
				ASSETCATALOG_COMPILER_APPICON_NAME = AppIcon;
				ASSETCATALOG_COMPILER_GLOBAL_ACCENT_COLOR_NAME = AccentColor;
				CODE_SIGN_STYLE = Automatic;
				CURRENT_PROJECT_VERSION = 1;
				DEVELOPMENT_ASSET_PATHS = "\"TwitterMock/Preview Content\"";
				DEVELOPMENT_TEAM = S27FZ9BTKU;
				ENABLE_PREVIEWS = YES;
				GENERATE_INFOPLIST_FILE = YES;
				INFOPLIST_KEY_UIApplicationSceneManifest_Generation = YES;
				INFOPLIST_KEY_UIApplicationSupportsIndirectInputEvents = YES;
				INFOPLIST_KEY_UILaunchScreen_Generation = YES;
				INFOPLIST_KEY_UISupportedInterfaceOrientations_iPad = "UIInterfaceOrientationPortrait UIInterfaceOrientationPortraitUpsideDown UIInterfaceOrientationLandscapeLeft UIInterfaceOrientationLandscapeRight";
				INFOPLIST_KEY_UISupportedInterfaceOrientations_iPhone = "UIInterfaceOrientationPortrait UIInterfaceOrientationLandscapeLeft UIInterfaceOrientationLandscapeRight";
				LD_RUNPATH_SEARCH_PATHS = (
					"$(inherited)",
					"@executable_path/Frameworks",
				);
				MARKETING_VERSION = 1.0;
				PRODUCT_BUNDLE_IDENTIFIER = com.aashna.TwitterMock;
				PRODUCT_NAME = "$(TARGET_NAME)";
				SWIFT_EMIT_LOC_STRINGS = YES;
				SWIFT_VERSION = 5.0;
				TARGETED_DEVICE_FAMILY = "1,2";
			};
			name = Release;
		};
/* End XCBuildConfiguration section */

/* Begin XCConfigurationList section */
		69FE69282953F22C00E40BEA /* Build configuration list for PBXProject "TwitterMock" */ = {
			isa = XCConfigurationList;
			buildConfigurations = (
				69FE69392953F22E00E40BEA /* Debug */,
				69FE693A2953F22E00E40BEA /* Release */,
			);
			defaultConfigurationIsVisible = 0;
			defaultConfigurationName = Release;
		};
		69FE693B2953F22E00E40BEA /* Build configuration list for PBXNativeTarget "TwitterMock" */ = {
			isa = XCConfigurationList;
			buildConfigurations = (
				69FE693C2953F22E00E40BEA /* Debug */,
				69FE693D2953F22E00E40BEA /* Release */,
			);
			defaultConfigurationIsVisible = 0;
			defaultConfigurationName = Release;
		};
/* End XCConfigurationList section */
	};
	rootObject = 69FE69252953F22C00E40BEA /* Project object */;
}
